
Microsoft Visual Studio Solution File, Format Version 12.00
# Visual Studio Version 16
VisualStudioVersion = 16.0.29609.76
MinimumVisualStudioVersion = 10.0.40219.1
Project("{FAE04EC0-301F-11D3-BF4B-00C04F79EFBC}") = "SampleInstaller", "SampleInstaller.csproj", "{8F521F73-1B4F-4734-B8B6-BD3D609554E6}"
EndProject
Project("{54435603-DBB4-11D2-8724-00A0C9A8B90C}") = "Setup", "..\Setup\Setup.vdproj", "{685ADE1A-E2D3-4368-B444-260F4E3FFB11}"
EndProject
Project("{FAE04EC0-301F-11D3-BF4B-00C04F79EFBC}") = "InstallerTemplate", "..\InstallerTemplate\InstallerTemplate.csproj", "{86A12D8E-B856-4546-80F5-641F164C2FE8}"
EndProject
Project("{FAE04EC0-301F-11D3-BF4B-00C04F79EFBC}") = "SecurityFileSystem", "..\SecurityFileSystem\SecurityFileSystem.csproj", "{06841D40-0164-4244-91A5-9EDED35FF75B}"
EndProject
Project("{FAE04EC0-301F-11D3-BF4B-00C04F79EFBC}") = "HashingSample", "..\HashingSample\HashingSample.csproj", "{9D91FB74-5E80-44BC-94BB-2E6FC73CA1D3}"
EndProject
Project("{FAE04EC0-301F-11D3-BF4B-00C04F79EFBC}") = "NameHashGenration", "..\NameHashGenration\NameHashGenration.csproj", "{C5EBBBB0-A2E4-43BA-B7EC-6F5301E92A94}"
EndProject
Project("{FAE04EC0-301F-11D3-BF4B-00C04F79EFBC}") = "RebexDemo", "..\RebexDemo\RebexDemo.csproj", "{5E33ADF7-45B5-4969-9510-028CBF1617D7}"
EndProject
Project("{FAE04EC0-301F-11D3-BF4B-00C04F79EFBC}") = "RcloneScript", "..\RcloneScript\RcloneScript.csproj", "{0709F9CD-932C-4328-B372-CD0507FB2A31}"
EndProject
Project("{FAE04EC0-301F-11D3-BF4B-00C04F79EFBC}") = "SSHDOTNET", "..\SSHDOTNET\SSHDOTNET.csproj", "{EBF0F58D-BFE1-4DC7-AD19-9F4FBF11EAFB}"
EndProject
Project("{FAE04EC0-301F-11D3-BF4B-00C04F79EFBC}") = "Compress", "..\Compress\Compress.csproj", "{0837E2E8-51E0-4970-AF4B-C9CA2E8F50B7}"
EndProject
Project("{FAE04EC0-301F-11D3-BF4B-00C04F79EFBC}") = "UnInstallSample", "..\UnInstallSample\UnInstallSample.csproj", "{031A5C1D-5AF5-41D9-8D93-918F9CBECD10}"
EndProject
Project("{FAE04EC0-301F-11D3-BF4B-00C04F79EFBC}") = "HashMD5CSharp", "..\HashMD5CSharp\HashMD5CSharp.csproj", "{3FC9870A-BB47-4B98-A19A-81991A799D6D}"
EndProject
Project("{FAE04EC0-301F-11D3-BF4B-00C04F79EFBC}") = "ConsoleApp1", "..\ConsoleApp1\ConsoleApp1.csproj", "{45C51D7F-F7EE-4A7C-9918-FEF5228FEE85}"
EndProject
Project("{FAE04EC0-301F-11D3-BF4B-00C04F79EFBC}") = "FileReadWriteAccess", "..\FileReadWriteAccess\FileReadWriteAccess.csproj", "{4B6CF66D-A34C-4557-8098-0BD983D84DDB}"
EndProject
Project("{8BC9CEB8-8B4A-11D0-8D11-00A0C91BC942}") = "ConsoleApplication3", "..\ConsoleApplication3\ConsoleApplication3.vcxproj", "{22586ADB-19B3-413B-8105-D58090B4B4AB}"
EndProject
Project("{FAE04EC0-301F-11D3-BF4B-00C04F79EFBC}") = "TimeZOne", "..\TimeZOne\TimeZOne.csproj", "{EC5650E9-4E01-4172-8838-3470AF0C10DF}"
EndProject
Project("{FAE04EC0-301F-11D3-BF4B-00C04F79EFBC}") = "DataProtectionAPI", "..\DataProtectionAPI\DataProtectionAPI.csproj", "{A7B5CCC6-3F14-4346-859D-508D98414D7F}"
EndProject
Project("{FAE04EC0-301F-11D3-BF4B-00C04F79EFBC}") = "TestDPAPI", "..\TestDPAPI\TestDPAPI.csproj", "{5852184E-EF79-4D5B-9C96-06BB24DB1386}"
EndProject
Project("{8BC9CEB8-8B4A-11D0-8D11-00A0C91BC942}") = "ImageIssue", "..\ImageIssue\ImageIssue.vcxproj", "{F844846E-F87A-4D26-AB2F-90B50C1358E0}"
EndProject
Project("{FAE04EC0-301F-11D3-BF4B-00C04F79EFBC}") = "UnitTestProject1", "..\UnitTestProject1\UnitTestProject1.csproj", "{0A1D2F8E-00F3-4B9B-8DD2-4004D6FC7572}"
EndProject
Project("{8BC9CEB8-8B4A-11D0-8D11-00A0C91BC942}") = "processname", "..\processname\processname.vcxproj", "{4C8209A7-DF2E-40C8-ADB5-DF33FB5857CB}"
EndProject
Project("{8BC9CEB8-8B4A-11D0-8D11-00A0C91BC942}") = "Processname11", "..\Processname11\Processname11.vcxproj", "{F42EE9D9-790D-400E-9B35-F339C6A7D4AD}"
EndProject
Project("{FAE04EC0-301F-11D3-BF4B-00C04F79EFBC}") = "ProductVersion", "..\ConsoleApp2\ProductVersion.csproj", "{B55C392F-49B3-4258-B80C-58452515FA80}"
EndProject
Project("{FAE04EC0-301F-11D3-BF4B-00C04F79EFBC}") = "ExeIfInstanceIsRUnning", "..\ExeIfInstanceIsRUnning\ExeIfInstanceIsRUnning.csproj", "{B74E1016-1C19-4863-A5CF-4F5726D138EC}"
EndProject
Project("{FAE04EC0-301F-11D3-BF4B-00C04F79EFBC}") = "SkanRegistryDelete", "..\SkanRegistryDelete\SkanRegistryDelete.csproj", "{B53CC4C4-03E4-43EF-A2E2-A34DA9E306ED}"
EndProject
Project("{FAE04EC0-301F-11D3-BF4B-00C04F79EFBC}") = "Tar_SharpZipLib", "..\Tar_SharpZipLib\Tar_SharpZipLib.csproj", "{72913DC4-C75C-468E-A812-07ED4D7DDF00}"
EndProject
Project("{FAE04EC0-301F-11D3-BF4B-00C04F79EFBC}") = "TarSampleCommandPrompt", "..\TarSampleCommandPrompt\TarSampleCommandPrompt.csproj", "{B4059D87-9F37-41E4-BCFB-C7DE43CAF49B}"
EndProject
Project("{FAE04EC0-301F-11D3-BF4B-00C04F79EFBC}") = "TarUsingNugetPack", "..\TarUsingNugetPack\TarUsingNugetPack.csproj", "{74D54554-959D-4BBB-85DA-DA3E336E4FCE}"
EndProject
Project("{FAE04EC0-301F-11D3-BF4B-00C04F79EFBC}") = "TarWithSSharp", "..\TarWithSSharp\TarWithSSharp.csproj", "{5B4137B0-7185-4F84-B41C-3A7E24260015}"
EndProject
Project("{FAE04EC0-301F-11D3-BF4B-00C04F79EFBC}") = "SharpZipLib_Develop_Branch", "..\SharpZipLib_Develop_Branch\SharpZipLib_Develop_Branch.csproj", "{195EEF31-07DE-4060-BD01-2E59507B23B9}"
EndProject
Project("{FAE04EC0-301F-11D3-BF4B-00C04F79EFBC}") = "CleanDirectory", "..\CleanDirectory\CleanDirectory.csproj", "{841B924B-CC67-44D2-A50F-BF6275D22683}"
EndProject
Project("{8BC9CEB8-8B4A-11D0-8D11-00A0C91BC942}") = "CultureInfo", "..\CultureInfo\CultureInfo.vcxproj", "{EADC006F-DC40-403D-9276-9FFED327A29B}"
EndProject
Project("{FAE04EC0-301F-11D3-BF4B-00C04F79EFBC}") = "SkanListener", "..\SkanListener\SkanListener.csproj", "{CF32E562-705A-4064-8778-8F3803F697FC}"
EndProject
Project("{FAE04EC0-301F-11D3-BF4B-00C04F79EFBC}") = "SkanAddOn", "..\SkanAddOn\SkanAddOn.csproj", "{FA3A4695-7566-48C8-B8C0-9495982391E7}"
EndProject
Project("{FAE04EC0-301F-11D3-BF4B-00C04F79EFBC}") = "IEAddOn", "..\IEAddOnSample1\IEAddOn.csproj", "{BD5146C4-CE56-4E72-B87A-760CED0D794B}"
EndProject
Project("{FAE04EC0-301F-11D3-BF4B-00C04F79EFBC}") = "Temp", "..\Temp\Temp.csproj", "{671EB976-D849-4364-ABFD-6CEC78B00AC4}"
EndProject
Project("{8BC9CEB8-8B4A-11D0-8D11-00A0C91BC942}") = "AutomationEventSample1", "..\AutomationEventSample1\AutomationEventSample1.vcxproj", "{AC2531E8-85A6-4D37-8B51-28C407C5C101}"
EndProject
Project("{8BC9CEB8-8B4A-11D0-8D11-00A0C91BC942}") = "TestAutomation", "..\TestAutomation\TestAutomation.vcxproj", "{BAC91791-4CA9-4A54-9890-4A19EEDD7BD4}"
EndProject
Project("{8BC9CEB8-8B4A-11D0-8D11-00A0C91BC942}") = "WindowsAppAutomationAPI", "..\WindowsAppAutomationAPI\WindowsAppAutomationAPI.vcxproj", "{EDDC42FA-5C47-4756-B043-51F9DEFBCAC4}"
EndProject
Project("{8BC9CEB8-8B4A-11D0-8D11-00A0C91BC942}") = "AutomationAPI_WindowsApp", "..\AutomationAPI_WindowsApp\AutomationAPI_WindowsApp.vcxproj", "{ABAAC087-2A93-4F21-868E-FC4EB13B2676}"
EndProject
Project("{8BC9CEB8-8B4A-11D0-8D11-00A0C91BC942}") = "AutomationAPIDLL", "..\AutomationAPIDLL\AutomationAPIDLL.vcxproj", "{8AB0689E-A063-4492-8D6A-F4122CB70ED4}"
EndProject
Project("{8BC9CEB8-8B4A-11D0-8D11-00A0C91BC942}") = "ConsoleAppForLanguageTesting", "..\ConsoleAppForLanguageTesting\ConsoleAppForLanguageTesting.vcxproj", "{6BD55AFF-82FB-4619-8A42-D396A0001748}"
EndProject
Project("{FAE04EC0-301F-11D3-BF4B-00C04F79EFBC}") = "ChromeRegistryEntry", "..\ChromeRegistryEntry\ChromeRegistryEntry.csproj", "{63D9A81C-775B-4814-A308-84CBB5E44609}"
EndProject
Global
	GlobalSection(SolutionConfigurationPlatforms) = preSolution
		Debug|Any CPU = Debug|Any CPU
		Debug|x64 = Debug|x64
		Debug|x86 = Debug|x86
		Release|Any CPU = Release|Any CPU
		Release|x64 = Release|x64
		Release|x86 = Release|x86
	EndGlobalSection
	GlobalSection(ProjectConfigurationPlatforms) = postSolution
		{8F521F73-1B4F-4734-B8B6-BD3D609554E6}.Debug|Any CPU.ActiveCfg = Release|Any CPU
		{8F521F73-1B4F-4734-B8B6-BD3D609554E6}.Debug|Any CPU.Build.0 = Release|Any CPU
		{8F521F73-1B4F-4734-B8B6-BD3D609554E6}.Debug|x64.ActiveCfg = Debug|x64
		{8F521F73-1B4F-4734-B8B6-BD3D609554E6}.Debug|x64.Build.0 = Debug|x64
		{8F521F73-1B4F-4734-B8B6-BD3D609554E6}.Debug|x86.ActiveCfg = Debug|x86
		{8F521F73-1B4F-4734-B8B6-BD3D609554E6}.Debug|x86.Build.0 = Debug|x86
		{8F521F73-1B4F-4734-B8B6-BD3D609554E6}.Release|Any CPU.ActiveCfg = Release|Any CPU
		{8F521F73-1B4F-4734-B8B6-BD3D609554E6}.Release|Any CPU.Build.0 = Release|Any CPU
		{8F521F73-1B4F-4734-B8B6-BD3D609554E6}.Release|x64.ActiveCfg = Release|x64
		{8F521F73-1B4F-4734-B8B6-BD3D609554E6}.Release|x64.Build.0 = Release|x64
		{8F521F73-1B4F-4734-B8B6-BD3D609554E6}.Release|x86.ActiveCfg = Release|x86
		{8F521F73-1B4F-4734-B8B6-BD3D609554E6}.Release|x86.Build.0 = Release|x86
		{685ADE1A-E2D3-4368-B444-260F4E3FFB11}.Debug|Any CPU.ActiveCfg = Debug
		{685ADE1A-E2D3-4368-B444-260F4E3FFB11}.Debug|x64.ActiveCfg = Debug
		{685ADE1A-E2D3-4368-B444-260F4E3FFB11}.Debug|x64.Build.0 = Debug
		{685ADE1A-E2D3-4368-B444-260F4E3FFB11}.Debug|x86.ActiveCfg = Debug
		{685ADE1A-E2D3-4368-B444-260F4E3FFB11}.Debug|x86.Build.0 = Debug
		{685ADE1A-E2D3-4368-B444-260F4E3FFB11}.Release|Any CPU.ActiveCfg = Release
		{685ADE1A-E2D3-4368-B444-260F4E3FFB11}.Release|x64.ActiveCfg = Release
		{685ADE1A-E2D3-4368-B444-260F4E3FFB11}.Release|x64.Build.0 = Release
		{685ADE1A-E2D3-4368-B444-260F4E3FFB11}.Release|x86.ActiveCfg = Release
		{685ADE1A-E2D3-4368-B444-260F4E3FFB11}.Release|x86.Build.0 = Release
		{86A12D8E-B856-4546-80F5-641F164C2FE8}.Debug|Any CPU.ActiveCfg = Debug|Any CPU
		{86A12D8E-B856-4546-80F5-641F164C2FE8}.Debug|Any CPU.Build.0 = Debug|Any CPU
		{86A12D8E-B856-4546-80F5-641F164C2FE8}.Debug|x64.ActiveCfg = Debug|x64
		{86A12D8E-B856-4546-80F5-641F164C2FE8}.Debug|x64.Build.0 = Debug|x64
		{86A12D8E-B856-4546-80F5-641F164C2FE8}.Debug|x86.ActiveCfg = Debug|Any CPU
		{86A12D8E-B856-4546-80F5-641F164C2FE8}.Debug|x86.Build.0 = Debug|Any CPU
		{86A12D8E-B856-4546-80F5-641F164C2FE8}.Release|Any CPU.ActiveCfg = Release|Any CPU
		{86A12D8E-B856-4546-80F5-641F164C2FE8}.Release|Any CPU.Build.0 = Release|Any CPU
		{86A12D8E-B856-4546-80F5-641F164C2FE8}.Release|x64.ActiveCfg = Release|x64
		{86A12D8E-B856-4546-80F5-641F164C2FE8}.Release|x64.Build.0 = Release|x64
		{86A12D8E-B856-4546-80F5-641F164C2FE8}.Release|x86.ActiveCfg = Release|Any CPU
		{86A12D8E-B856-4546-80F5-641F164C2FE8}.Release|x86.Build.0 = Release|Any CPU
		{06841D40-0164-4244-91A5-9EDED35FF75B}.Debug|Any CPU.ActiveCfg = Debug|Any CPU
		{06841D40-0164-4244-91A5-9EDED35FF75B}.Debug|Any CPU.Build.0 = Debug|Any CPU
		{06841D40-0164-4244-91A5-9EDED35FF75B}.Debug|x64.ActiveCfg = Debug|x64
		{06841D40-0164-4244-91A5-9EDED35FF75B}.Debug|x64.Build.0 = Debug|x64
		{06841D40-0164-4244-91A5-9EDED35FF75B}.Debug|x86.ActiveCfg = Debug|Any CPU
		{06841D40-0164-4244-91A5-9EDED35FF75B}.Debug|x86.Build.0 = Debug|Any CPU
		{06841D40-0164-4244-91A5-9EDED35FF75B}.Release|Any CPU.ActiveCfg = Release|Any CPU
		{06841D40-0164-4244-91A5-9EDED35FF75B}.Release|Any CPU.Build.0 = Release|Any CPU
		{06841D40-0164-4244-91A5-9EDED35FF75B}.Release|x64.ActiveCfg = Release|x64
		{06841D40-0164-4244-91A5-9EDED35FF75B}.Release|x64.Build.0 = Release|x64
		{06841D40-0164-4244-91A5-9EDED35FF75B}.Release|x86.ActiveCfg = Release|Any CPU
		{06841D40-0164-4244-91A5-9EDED35FF75B}.Release|x86.Build.0 = Release|Any CPU
		{9D91FB74-5E80-44BC-94BB-2E6FC73CA1D3}.Debug|Any CPU.ActiveCfg = Debug|Any CPU
		{9D91FB74-5E80-44BC-94BB-2E6FC73CA1D3}.Debug|Any CPU.Build.0 = Debug|Any CPU
		{9D91FB74-5E80-44BC-94BB-2E6FC73CA1D3}.Debug|x64.ActiveCfg = Debug|x64
		{9D91FB74-5E80-44BC-94BB-2E6FC73CA1D3}.Debug|x64.Build.0 = Debug|x64
		{9D91FB74-5E80-44BC-94BB-2E6FC73CA1D3}.Debug|x86.ActiveCfg = Debug|Any CPU
		{9D91FB74-5E80-44BC-94BB-2E6FC73CA1D3}.Debug|x86.Build.0 = Debug|Any CPU
		{9D91FB74-5E80-44BC-94BB-2E6FC73CA1D3}.Release|Any CPU.ActiveCfg = Release|Any CPU
		{9D91FB74-5E80-44BC-94BB-2E6FC73CA1D3}.Release|Any CPU.Build.0 = Release|Any CPU
		{9D91FB74-5E80-44BC-94BB-2E6FC73CA1D3}.Release|x64.ActiveCfg = Release|x64
		{9D91FB74-5E80-44BC-94BB-2E6FC73CA1D3}.Release|x64.Build.0 = Release|x64
		{9D91FB74-5E80-44BC-94BB-2E6FC73CA1D3}.Release|x86.ActiveCfg = Release|Any CPU
		{9D91FB74-5E80-44BC-94BB-2E6FC73CA1D3}.Release|x86.Build.0 = Release|Any CPU
		{C5EBBBB0-A2E4-43BA-B7EC-6F5301E92A94}.Debug|Any CPU.ActiveCfg = Debug|Any CPU
		{C5EBBBB0-A2E4-43BA-B7EC-6F5301E92A94}.Debug|Any CPU.Build.0 = Debug|Any CPU
		{C5EBBBB0-A2E4-43BA-B7EC-6F5301E92A94}.Debug|x64.ActiveCfg = Debug|x64
		{C5EBBBB0-A2E4-43BA-B7EC-6F5301E92A94}.Debug|x64.Build.0 = Debug|x64
		{C5EBBBB0-A2E4-43BA-B7EC-6F5301E92A94}.Debug|x86.ActiveCfg = Debug|Any CPU
		{C5EBBBB0-A2E4-43BA-B7EC-6F5301E92A94}.Debug|x86.Build.0 = Debug|Any CPU
		{C5EBBBB0-A2E4-43BA-B7EC-6F5301E92A94}.Release|Any CPU.ActiveCfg = Release|Any CPU
		{C5EBBBB0-A2E4-43BA-B7EC-6F5301E92A94}.Release|Any CPU.Build.0 = Release|Any CPU
		{C5EBBBB0-A2E4-43BA-B7EC-6F5301E92A94}.Release|x64.ActiveCfg = Release|x64
		{C5EBBBB0-A2E4-43BA-B7EC-6F5301E92A94}.Release|x64.Build.0 = Release|x64
		{C5EBBBB0-A2E4-43BA-B7EC-6F5301E92A94}.Release|x86.ActiveCfg = Release|Any CPU
		{C5EBBBB0-A2E4-43BA-B7EC-6F5301E92A94}.Release|x86.Build.0 = Release|Any CPU
		{5E33ADF7-45B5-4969-9510-028CBF1617D7}.Debug|Any CPU.ActiveCfg = Debug|Any CPU
		{5E33ADF7-45B5-4969-9510-028CBF1617D7}.Debug|Any CPU.Build.0 = Debug|Any CPU
		{5E33ADF7-45B5-4969-9510-028CBF1617D7}.Debug|x64.ActiveCfg = Debug|x64
		{5E33ADF7-45B5-4969-9510-028CBF1617D7}.Debug|x64.Build.0 = Debug|x64
		{5E33ADF7-45B5-4969-9510-028CBF1617D7}.Debug|x86.ActiveCfg = Debug|Any CPU
		{5E33ADF7-45B5-4969-9510-028CBF1617D7}.Debug|x86.Build.0 = Debug|Any CPU
		{5E33ADF7-45B5-4969-9510-028CBF1617D7}.Release|Any CPU.ActiveCfg = Release|Any CPU
		{5E33ADF7-45B5-4969-9510-028CBF1617D7}.Release|Any CPU.Build.0 = Release|Any CPU
		{5E33ADF7-45B5-4969-9510-028CBF1617D7}.Release|x64.ActiveCfg = Release|x64
		{5E33ADF7-45B5-4969-9510-028CBF1617D7}.Release|x64.Build.0 = Release|x64
		{5E33ADF7-45B5-4969-9510-028CBF1617D7}.Release|x86.ActiveCfg = Release|Any CPU
		{5E33ADF7-45B5-4969-9510-028CBF1617D7}.Release|x86.Build.0 = Release|Any CPU
		{0709F9CD-932C-4328-B372-CD0507FB2A31}.Debug|Any CPU.ActiveCfg = Debug|Any CPU
		{0709F9CD-932C-4328-B372-CD0507FB2A31}.Debug|Any CPU.Build.0 = Debug|Any CPU
		{0709F9CD-932C-4328-B372-CD0507FB2A31}.Debug|x64.ActiveCfg = Debug|x64
		{0709F9CD-932C-4328-B372-CD0507FB2A31}.Debug|x64.Build.0 = Debug|x64
		{0709F9CD-932C-4328-B372-CD0507FB2A31}.Debug|x86.ActiveCfg = Debug|Any CPU
		{0709F9CD-932C-4328-B372-CD0507FB2A31}.Debug|x86.Build.0 = Debug|Any CPU
		{0709F9CD-932C-4328-B372-CD0507FB2A31}.Release|Any CPU.ActiveCfg = Release|Any CPU
		{0709F9CD-932C-4328-B372-CD0507FB2A31}.Release|Any CPU.Build.0 = Release|Any CPU
		{0709F9CD-932C-4328-B372-CD0507FB2A31}.Release|x64.ActiveCfg = Release|x64
		{0709F9CD-932C-4328-B372-CD0507FB2A31}.Release|x64.Build.0 = Release|x64
		{0709F9CD-932C-4328-B372-CD0507FB2A31}.Release|x86.ActiveCfg = Release|Any CPU
		{0709F9CD-932C-4328-B372-CD0507FB2A31}.Release|x86.Build.0 = Release|Any CPU
		{EBF0F58D-BFE1-4DC7-AD19-9F4FBF11EAFB}.Debug|Any CPU.ActiveCfg = Debug|Any CPU
		{EBF0F58D-BFE1-4DC7-AD19-9F4FBF11EAFB}.Debug|Any CPU.Build.0 = Debug|Any CPU
		{EBF0F58D-BFE1-4DC7-AD19-9F4FBF11EAFB}.Debug|x64.ActiveCfg = Debug|x64
		{EBF0F58D-BFE1-4DC7-AD19-9F4FBF11EAFB}.Debug|x64.Build.0 = Debug|x64
		{EBF0F58D-BFE1-4DC7-AD19-9F4FBF11EAFB}.Debug|x86.ActiveCfg = Debug|Any CPU
		{EBF0F58D-BFE1-4DC7-AD19-9F4FBF11EAFB}.Debug|x86.Build.0 = Debug|Any CPU
		{EBF0F58D-BFE1-4DC7-AD19-9F4FBF11EAFB}.Release|Any CPU.ActiveCfg = Release|Any CPU
		{EBF0F58D-BFE1-4DC7-AD19-9F4FBF11EAFB}.Release|Any CPU.Build.0 = Release|Any CPU
		{EBF0F58D-BFE1-4DC7-AD19-9F4FBF11EAFB}.Release|x64.ActiveCfg = Release|x64
		{EBF0F58D-BFE1-4DC7-AD19-9F4FBF11EAFB}.Release|x64.Build.0 = Release|x64
		{EBF0F58D-BFE1-4DC7-AD19-9F4FBF11EAFB}.Release|x86.ActiveCfg = Release|Any CPU
		{EBF0F58D-BFE1-4DC7-AD19-9F4FBF11EAFB}.Release|x86.Build.0 = Release|Any CPU
		{0837E2E8-51E0-4970-AF4B-C9CA2E8F50B7}.Debug|Any CPU.ActiveCfg = Debug|Any CPU
		{0837E2E8-51E0-4970-AF4B-C9CA2E8F50B7}.Debug|Any CPU.Build.0 = Debug|Any CPU
		{0837E2E8-51E0-4970-AF4B-C9CA2E8F50B7}.Debug|x64.ActiveCfg = Debug|x64
		{0837E2E8-51E0-4970-AF4B-C9CA2E8F50B7}.Debug|x64.Build.0 = Debug|x64
		{0837E2E8-51E0-4970-AF4B-C9CA2E8F50B7}.Debug|x86.ActiveCfg = Debug|Any CPU
		{0837E2E8-51E0-4970-AF4B-C9CA2E8F50B7}.Debug|x86.Build.0 = Debug|Any CPU
		{0837E2E8-51E0-4970-AF4B-C9CA2E8F50B7}.Release|Any CPU.ActiveCfg = Release|Any CPU
		{0837E2E8-51E0-4970-AF4B-C9CA2E8F50B7}.Release|Any CPU.Build.0 = Release|Any CPU
		{0837E2E8-51E0-4970-AF4B-C9CA2E8F50B7}.Release|x64.ActiveCfg = Release|x64
		{0837E2E8-51E0-4970-AF4B-C9CA2E8F50B7}.Release|x64.Build.0 = Release|x64
		{0837E2E8-51E0-4970-AF4B-C9CA2E8F50B7}.Release|x86.ActiveCfg = Release|Any CPU
		{0837E2E8-51E0-4970-AF4B-C9CA2E8F50B7}.Release|x86.Build.0 = Release|Any CPU
		{031A5C1D-5AF5-41D9-8D93-918F9CBECD10}.Debug|Any CPU.ActiveCfg = Debug|Any CPU
		{031A5C1D-5AF5-41D9-8D93-918F9CBECD10}.Debug|Any CPU.Build.0 = Debug|Any CPU
		{031A5C1D-5AF5-41D9-8D93-918F9CBECD10}.Debug|x64.ActiveCfg = Debug|x64
		{031A5C1D-5AF5-41D9-8D93-918F9CBECD10}.Debug|x64.Build.0 = Debug|x64
		{031A5C1D-5AF5-41D9-8D93-918F9CBECD10}.Debug|x86.ActiveCfg = Debug|Any CPU
		{031A5C1D-5AF5-41D9-8D93-918F9CBECD10}.Debug|x86.Build.0 = Debug|Any CPU
		{031A5C1D-5AF5-41D9-8D93-918F9CBECD10}.Release|Any CPU.ActiveCfg = Release|Any CPU
		{031A5C1D-5AF5-41D9-8D93-918F9CBECD10}.Release|Any CPU.Build.0 = Release|Any CPU
		{031A5C1D-5AF5-41D9-8D93-918F9CBECD10}.Release|x64.ActiveCfg = Release|x64
		{031A5C1D-5AF5-41D9-8D93-918F9CBECD10}.Release|x64.Build.0 = Release|x64
		{031A5C1D-5AF5-41D9-8D93-918F9CBECD10}.Release|x86.ActiveCfg = Release|Any CPU
		{031A5C1D-5AF5-41D9-8D93-918F9CBECD10}.Release|x86.Build.0 = Release|Any CPU
		{3FC9870A-BB47-4B98-A19A-81991A799D6D}.Debug|Any CPU.ActiveCfg = Debug|Any CPU
		{3FC9870A-BB47-4B98-A19A-81991A799D6D}.Debug|Any CPU.Build.0 = Debug|Any CPU
		{3FC9870A-BB47-4B98-A19A-81991A799D6D}.Debug|x64.ActiveCfg = Debug|x64
		{3FC9870A-BB47-4B98-A19A-81991A799D6D}.Debug|x64.Build.0 = Debug|x64
		{3FC9870A-BB47-4B98-A19A-81991A799D6D}.Debug|x86.ActiveCfg = Debug|Any CPU
		{3FC9870A-BB47-4B98-A19A-81991A799D6D}.Debug|x86.Build.0 = Debug|Any CPU
		{3FC9870A-BB47-4B98-A19A-81991A799D6D}.Release|Any CPU.ActiveCfg = Release|Any CPU
		{3FC9870A-BB47-4B98-A19A-81991A799D6D}.Release|Any CPU.Build.0 = Release|Any CPU
		{3FC9870A-BB47-4B98-A19A-81991A799D6D}.Release|x64.ActiveCfg = Release|x64
		{3FC9870A-BB47-4B98-A19A-81991A799D6D}.Release|x64.Build.0 = Release|x64
		{3FC9870A-BB47-4B98-A19A-81991A799D6D}.Release|x86.ActiveCfg = Release|Any CPU
		{3FC9870A-BB47-4B98-A19A-81991A799D6D}.Release|x86.Build.0 = Release|Any CPU
		{45C51D7F-F7EE-4A7C-9918-FEF5228FEE85}.Debug|Any CPU.ActiveCfg = Debug|Any CPU
		{45C51D7F-F7EE-4A7C-9918-FEF5228FEE85}.Debug|Any CPU.Build.0 = Debug|Any CPU
		{45C51D7F-F7EE-4A7C-9918-FEF5228FEE85}.Debug|x64.ActiveCfg = Debug|x64
		{45C51D7F-F7EE-4A7C-9918-FEF5228FEE85}.Debug|x64.Build.0 = Debug|x64
		{45C51D7F-F7EE-4A7C-9918-FEF5228FEE85}.Debug|x86.ActiveCfg = Debug|Any CPU
		{45C51D7F-F7EE-4A7C-9918-FEF5228FEE85}.Debug|x86.Build.0 = Debug|Any CPU
		{45C51D7F-F7EE-4A7C-9918-FEF5228FEE85}.Release|Any CPU.ActiveCfg = Release|Any CPU
		{45C51D7F-F7EE-4A7C-9918-FEF5228FEE85}.Release|Any CPU.Build.0 = Release|Any CPU
		{45C51D7F-F7EE-4A7C-9918-FEF5228FEE85}.Release|x64.ActiveCfg = Release|x64
		{45C51D7F-F7EE-4A7C-9918-FEF5228FEE85}.Release|x64.Build.0 = Release|x64
		{45C51D7F-F7EE-4A7C-9918-FEF5228FEE85}.Release|x86.ActiveCfg = Release|Any CPU
		{45C51D7F-F7EE-4A7C-9918-FEF5228FEE85}.Release|x86.Build.0 = Release|Any CPU
		{4B6CF66D-A34C-4557-8098-0BD983D84DDB}.Debug|Any CPU.ActiveCfg = Debug|Any CPU
		{4B6CF66D-A34C-4557-8098-0BD983D84DDB}.Debug|Any CPU.Build.0 = Debug|Any CPU
		{4B6CF66D-A34C-4557-8098-0BD983D84DDB}.Debug|x64.ActiveCfg = Debug|Any CPU
		{4B6CF66D-A34C-4557-8098-0BD983D84DDB}.Debug|x64.Build.0 = Debug|Any CPU
		{4B6CF66D-A34C-4557-8098-0BD983D84DDB}.Debug|x86.ActiveCfg = Debug|Any CPU
		{4B6CF66D-A34C-4557-8098-0BD983D84DDB}.Debug|x86.Build.0 = Debug|Any CPU
		{4B6CF66D-A34C-4557-8098-0BD983D84DDB}.Release|Any CPU.ActiveCfg = Release|Any CPU
		{4B6CF66D-A34C-4557-8098-0BD983D84DDB}.Release|Any CPU.Build.0 = Release|Any CPU
		{4B6CF66D-A34C-4557-8098-0BD983D84DDB}.Release|x64.ActiveCfg = Release|Any CPU
		{4B6CF66D-A34C-4557-8098-0BD983D84DDB}.Release|x64.Build.0 = Release|Any CPU
		{4B6CF66D-A34C-4557-8098-0BD983D84DDB}.Release|x86.ActiveCfg = Release|Any CPU
		{4B6CF66D-A34C-4557-8098-0BD983D84DDB}.Release|x86.Build.0 = Release|Any CPU
		{22586ADB-19B3-413B-8105-D58090B4B4AB}.Debug|Any CPU.ActiveCfg = Debug|Win32
		{22586ADB-19B3-413B-8105-D58090B4B4AB}.Debug|x64.ActiveCfg = Debug|x64
		{22586ADB-19B3-413B-8105-D58090B4B4AB}.Debug|x64.Build.0 = Debug|x64
		{22586ADB-19B3-413B-8105-D58090B4B4AB}.Debug|x86.ActiveCfg = Debug|Win32
		{22586ADB-19B3-413B-8105-D58090B4B4AB}.Debug|x86.Build.0 = Debug|Win32
		{22586ADB-19B3-413B-8105-D58090B4B4AB}.Release|Any CPU.ActiveCfg = Release|Win32
		{22586ADB-19B3-413B-8105-D58090B4B4AB}.Release|x64.ActiveCfg = Release|x64
		{22586ADB-19B3-413B-8105-D58090B4B4AB}.Release|x64.Build.0 = Release|x64
		{22586ADB-19B3-413B-8105-D58090B4B4AB}.Release|x86.ActiveCfg = Release|Win32
		{22586ADB-19B3-413B-8105-D58090B4B4AB}.Release|x86.Build.0 = Release|Win32
		{EC5650E9-4E01-4172-8838-3470AF0C10DF}.Debug|Any CPU.ActiveCfg = Debug|Any CPU
		{EC5650E9-4E01-4172-8838-3470AF0C10DF}.Debug|Any CPU.Build.0 = Debug|Any CPU
		{EC5650E9-4E01-4172-8838-3470AF0C10DF}.Debug|x64.ActiveCfg = Debug|Any CPU
		{EC5650E9-4E01-4172-8838-3470AF0C10DF}.Debug|x64.Build.0 = Debug|Any CPU
		{EC5650E9-4E01-4172-8838-3470AF0C10DF}.Debug|x86.ActiveCfg = Debug|Any CPU
		{EC5650E9-4E01-4172-8838-3470AF0C10DF}.Debug|x86.Build.0 = Debug|Any CPU
		{EC5650E9-4E01-4172-8838-3470AF0C10DF}.Release|Any CPU.ActiveCfg = Release|Any CPU
		{EC5650E9-4E01-4172-8838-3470AF0C10DF}.Release|Any CPU.Build.0 = Release|Any CPU
		{EC5650E9-4E01-4172-8838-3470AF0C10DF}.Release|x64.ActiveCfg = Release|Any CPU
		{EC5650E9-4E01-4172-8838-3470AF0C10DF}.Release|x64.Build.0 = Release|Any CPU
		{EC5650E9-4E01-4172-8838-3470AF0C10DF}.Release|x86.ActiveCfg = Release|Any CPU
		{EC5650E9-4E01-4172-8838-3470AF0C10DF}.Release|x86.Build.0 = Release|Any CPU
		{A7B5CCC6-3F14-4346-859D-508D98414D7F}.Debug|Any CPU.ActiveCfg = Debug|Any CPU
		{A7B5CCC6-3F14-4346-859D-508D98414D7F}.Debug|Any CPU.Build.0 = Debug|Any CPU
		{A7B5CCC6-3F14-4346-859D-508D98414D7F}.Debug|x64.ActiveCfg = Debug|Any CPU
		{A7B5CCC6-3F14-4346-859D-508D98414D7F}.Debug|x64.Build.0 = Debug|Any CPU
		{A7B5CCC6-3F14-4346-859D-508D98414D7F}.Debug|x86.ActiveCfg = Debug|Any CPU
		{A7B5CCC6-3F14-4346-859D-508D98414D7F}.Debug|x86.Build.0 = Debug|Any CPU
		{A7B5CCC6-3F14-4346-859D-508D98414D7F}.Release|Any CPU.ActiveCfg = Release|Any CPU
		{A7B5CCC6-3F14-4346-859D-508D98414D7F}.Release|Any CPU.Build.0 = Release|Any CPU
		{A7B5CCC6-3F14-4346-859D-508D98414D7F}.Release|x64.ActiveCfg = Release|Any CPU
		{A7B5CCC6-3F14-4346-859D-508D98414D7F}.Release|x64.Build.0 = Release|Any CPU
		{A7B5CCC6-3F14-4346-859D-508D98414D7F}.Release|x86.ActiveCfg = Release|Any CPU
		{A7B5CCC6-3F14-4346-859D-508D98414D7F}.Release|x86.Build.0 = Release|Any CPU
		{5852184E-EF79-4D5B-9C96-06BB24DB1386}.Debug|Any CPU.ActiveCfg = Debug|Any CPU
		{5852184E-EF79-4D5B-9C96-06BB24DB1386}.Debug|Any CPU.Build.0 = Debug|Any CPU
		{5852184E-EF79-4D5B-9C96-06BB24DB1386}.Debug|x64.ActiveCfg = Debug|Any CPU
		{5852184E-EF79-4D5B-9C96-06BB24DB1386}.Debug|x64.Build.0 = Debug|Any CPU
		{5852184E-EF79-4D5B-9C96-06BB24DB1386}.Debug|x86.ActiveCfg = Debug|Any CPU
		{5852184E-EF79-4D5B-9C96-06BB24DB1386}.Debug|x86.Build.0 = Debug|Any CPU
		{5852184E-EF79-4D5B-9C96-06BB24DB1386}.Release|Any CPU.ActiveCfg = Release|Any CPU
		{5852184E-EF79-4D5B-9C96-06BB24DB1386}.Release|Any CPU.Build.0 = Release|Any CPU
		{5852184E-EF79-4D5B-9C96-06BB24DB1386}.Release|x64.ActiveCfg = Release|Any CPU
		{5852184E-EF79-4D5B-9C96-06BB24DB1386}.Release|x64.Build.0 = Release|Any CPU
		{5852184E-EF79-4D5B-9C96-06BB24DB1386}.Release|x86.ActiveCfg = Release|Any CPU
		{5852184E-EF79-4D5B-9C96-06BB24DB1386}.Release|x86.Build.0 = Release|Any CPU
		{F844846E-F87A-4D26-AB2F-90B50C1358E0}.Debug|Any CPU.ActiveCfg = Debug|Win32
		{F844846E-F87A-4D26-AB2F-90B50C1358E0}.Debug|x64.ActiveCfg = Debug|x64
		{F844846E-F87A-4D26-AB2F-90B50C1358E0}.Debug|x64.Build.0 = Debug|x64
		{F844846E-F87A-4D26-AB2F-90B50C1358E0}.Debug|x86.ActiveCfg = Debug|Win32
		{F844846E-F87A-4D26-AB2F-90B50C1358E0}.Debug|x86.Build.0 = Debug|Win32
		{F844846E-F87A-4D26-AB2F-90B50C1358E0}.Release|Any CPU.ActiveCfg = Release|Win32
		{F844846E-F87A-4D26-AB2F-90B50C1358E0}.Release|x64.ActiveCfg = Release|x64
		{F844846E-F87A-4D26-AB2F-90B50C1358E0}.Release|x64.Build.0 = Release|x64
		{F844846E-F87A-4D26-AB2F-90B50C1358E0}.Release|x86.ActiveCfg = Release|Win32
		{F844846E-F87A-4D26-AB2F-90B50C1358E0}.Release|x86.Build.0 = Release|Win32
		{0A1D2F8E-00F3-4B9B-8DD2-4004D6FC7572}.Debug|Any CPU.ActiveCfg = Debug|Any CPU
		{0A1D2F8E-00F3-4B9B-8DD2-4004D6FC7572}.Debug|Any CPU.Build.0 = Debug|Any CPU
		{0A1D2F8E-00F3-4B9B-8DD2-4004D6FC7572}.Debug|x64.ActiveCfg = Debug|Any CPU
		{0A1D2F8E-00F3-4B9B-8DD2-4004D6FC7572}.Debug|x64.Build.0 = Debug|Any CPU
		{0A1D2F8E-00F3-4B9B-8DD2-4004D6FC7572}.Debug|x86.ActiveCfg = Debug|Any CPU
		{0A1D2F8E-00F3-4B9B-8DD2-4004D6FC7572}.Debug|x86.Build.0 = Debug|Any CPU
		{0A1D2F8E-00F3-4B9B-8DD2-4004D6FC7572}.Release|Any CPU.ActiveCfg = Release|Any CPU
		{0A1D2F8E-00F3-4B9B-8DD2-4004D6FC7572}.Release|Any CPU.Build.0 = Release|Any CPU
		{0A1D2F8E-00F3-4B9B-8DD2-4004D6FC7572}.Release|x64.ActiveCfg = Release|Any CPU
		{0A1D2F8E-00F3-4B9B-8DD2-4004D6FC7572}.Release|x64.Build.0 = Release|Any CPU
		{0A1D2F8E-00F3-4B9B-8DD2-4004D6FC7572}.Release|x86.ActiveCfg = Release|Any CPU
		{0A1D2F8E-00F3-4B9B-8DD2-4004D6FC7572}.Release|x86.Build.0 = Release|Any CPU
		{4C8209A7-DF2E-40C8-ADB5-DF33FB5857CB}.Debug|Any CPU.ActiveCfg = Debug|Win32
		{4C8209A7-DF2E-40C8-ADB5-DF33FB5857CB}.Debug|x64.ActiveCfg = Debug|x64
		{4C8209A7-DF2E-40C8-ADB5-DF33FB5857CB}.Debug|x64.Build.0 = Debug|x64
		{4C8209A7-DF2E-40C8-ADB5-DF33FB5857CB}.Debug|x86.ActiveCfg = Debug|Win32
		{4C8209A7-DF2E-40C8-ADB5-DF33FB5857CB}.Debug|x86.Build.0 = Debug|Win32
		{4C8209A7-DF2E-40C8-ADB5-DF33FB5857CB}.Release|Any CPU.ActiveCfg = Release|Win32
		{4C8209A7-DF2E-40C8-ADB5-DF33FB5857CB}.Release|x64.ActiveCfg = Release|x64
		{4C8209A7-DF2E-40C8-ADB5-DF33FB5857CB}.Release|x64.Build.0 = Release|x64
		{4C8209A7-DF2E-40C8-ADB5-DF33FB5857CB}.Release|x86.ActiveCfg = Release|Win32
		{4C8209A7-DF2E-40C8-ADB5-DF33FB5857CB}.Release|x86.Build.0 = Release|Win32
		{F42EE9D9-790D-400E-9B35-F339C6A7D4AD}.Debug|Any CPU.ActiveCfg = Debug|Win32
		{F42EE9D9-790D-400E-9B35-F339C6A7D4AD}.Debug|x64.ActiveCfg = Debug|x64
		{F42EE9D9-790D-400E-9B35-F339C6A7D4AD}.Debug|x64.Build.0 = Debug|x64
		{F42EE9D9-790D-400E-9B35-F339C6A7D4AD}.Debug|x86.ActiveCfg = Debug|Win32
		{F42EE9D9-790D-400E-9B35-F339C6A7D4AD}.Debug|x86.Build.0 = Debug|Win32
		{F42EE9D9-790D-400E-9B35-F339C6A7D4AD}.Release|Any CPU.ActiveCfg = Release|Win32
		{F42EE9D9-790D-400E-9B35-F339C6A7D4AD}.Release|x64.ActiveCfg = Release|x64
		{F42EE9D9-790D-400E-9B35-F339C6A7D4AD}.Release|x64.Build.0 = Release|x64
		{F42EE9D9-790D-400E-9B35-F339C6A7D4AD}.Release|x86.ActiveCfg = Release|Win32
		{F42EE9D9-790D-400E-9B35-F339C6A7D4AD}.Release|x86.Build.0 = Release|Win32
		{B55C392F-49B3-4258-B80C-58452515FA80}.Debug|Any CPU.ActiveCfg = Debug|Any CPU
		{B55C392F-49B3-4258-B80C-58452515FA80}.Debug|Any CPU.Build.0 = Debug|Any CPU
		{B55C392F-49B3-4258-B80C-58452515FA80}.Debug|x64.ActiveCfg = Debug|Any CPU
		{B55C392F-49B3-4258-B80C-58452515FA80}.Debug|x64.Build.0 = Debug|Any CPU
		{B55C392F-49B3-4258-B80C-58452515FA80}.Debug|x86.ActiveCfg = Debug|Any CPU
		{B55C392F-49B3-4258-B80C-58452515FA80}.Debug|x86.Build.0 = Debug|Any CPU
		{B55C392F-49B3-4258-B80C-58452515FA80}.Release|Any CPU.ActiveCfg = Release|Any CPU
		{B55C392F-49B3-4258-B80C-58452515FA80}.Release|Any CPU.Build.0 = Release|Any CPU
		{B55C392F-49B3-4258-B80C-58452515FA80}.Release|x64.ActiveCfg = Release|Any CPU
		{B55C392F-49B3-4258-B80C-58452515FA80}.Release|x64.Build.0 = Release|Any CPU
		{B55C392F-49B3-4258-B80C-58452515FA80}.Release|x86.ActiveCfg = Release|Any CPU
		{B55C392F-49B3-4258-B80C-58452515FA80}.Release|x86.Build.0 = Release|Any CPU
		{B74E1016-1C19-4863-A5CF-4F5726D138EC}.Debug|Any CPU.ActiveCfg = Debug|Any CPU
		{B74E1016-1C19-4863-A5CF-4F5726D138EC}.Debug|Any CPU.Build.0 = Debug|Any CPU
		{B74E1016-1C19-4863-A5CF-4F5726D138EC}.Debug|x64.ActiveCfg = Debug|Any CPU
		{B74E1016-1C19-4863-A5CF-4F5726D138EC}.Debug|x64.Build.0 = Debug|Any CPU
		{B74E1016-1C19-4863-A5CF-4F5726D138EC}.Debug|x86.ActiveCfg = Debug|Any CPU
		{B74E1016-1C19-4863-A5CF-4F5726D138EC}.Debug|x86.Build.0 = Debug|Any CPU
		{B74E1016-1C19-4863-A5CF-4F5726D138EC}.Release|Any CPU.ActiveCfg = Release|Any CPU
		{B74E1016-1C19-4863-A5CF-4F5726D138EC}.Release|Any CPU.Build.0 = Release|Any CPU
		{B74E1016-1C19-4863-A5CF-4F5726D138EC}.Release|x64.ActiveCfg = Release|Any CPU
		{B74E1016-1C19-4863-A5CF-4F5726D138EC}.Release|x64.Build.0 = Release|Any CPU
		{B74E1016-1C19-4863-A5CF-4F5726D138EC}.Release|x86.ActiveCfg = Release|Any CPU
		{B74E1016-1C19-4863-A5CF-4F5726D138EC}.Release|x86.Build.0 = Release|Any CPU
		{B53CC4C4-03E4-43EF-A2E2-A34DA9E306ED}.Debug|Any CPU.ActiveCfg = Debug|Any CPU
		{B53CC4C4-03E4-43EF-A2E2-A34DA9E306ED}.Debug|Any CPU.Build.0 = Debug|Any CPU
		{B53CC4C4-03E4-43EF-A2E2-A34DA9E306ED}.Debug|x64.ActiveCfg = Debug|Any CPU
		{B53CC4C4-03E4-43EF-A2E2-A34DA9E306ED}.Debug|x64.Build.0 = Debug|Any CPU
		{B53CC4C4-03E4-43EF-A2E2-A34DA9E306ED}.Debug|x86.ActiveCfg = Debug|Any CPU
		{B53CC4C4-03E4-43EF-A2E2-A34DA9E306ED}.Debug|x86.Build.0 = Debug|Any CPU
		{B53CC4C4-03E4-43EF-A2E2-A34DA9E306ED}.Release|Any CPU.ActiveCfg = Release|Any CPU
		{B53CC4C4-03E4-43EF-A2E2-A34DA9E306ED}.Release|Any CPU.Build.0 = Release|Any CPU
		{B53CC4C4-03E4-43EF-A2E2-A34DA9E306ED}.Release|x64.ActiveCfg = Release|Any CPU
		{B53CC4C4-03E4-43EF-A2E2-A34DA9E306ED}.Release|x64.Build.0 = Release|Any CPU
		{B53CC4C4-03E4-43EF-A2E2-A34DA9E306ED}.Release|x86.ActiveCfg = Release|Any CPU
		{B53CC4C4-03E4-43EF-A2E2-A34DA9E306ED}.Release|x86.Build.0 = Release|Any CPU
		{72913DC4-C75C-468E-A812-07ED4D7DDF00}.Debug|Any CPU.ActiveCfg = Debug|Any CPU
		{72913DC4-C75C-468E-A812-07ED4D7DDF00}.Debug|Any CPU.Build.0 = Debug|Any CPU
		{72913DC4-C75C-468E-A812-07ED4D7DDF00}.Debug|x64.ActiveCfg = Debug|Any CPU
		{72913DC4-C75C-468E-A812-07ED4D7DDF00}.Debug|x64.Build.0 = Debug|Any CPU
		{72913DC4-C75C-468E-A812-07ED4D7DDF00}.Debug|x86.ActiveCfg = Debug|Any CPU
		{72913DC4-C75C-468E-A812-07ED4D7DDF00}.Debug|x86.Build.0 = Debug|Any CPU
		{72913DC4-C75C-468E-A812-07ED4D7DDF00}.Release|Any CPU.ActiveCfg = Release|Any CPU
		{72913DC4-C75C-468E-A812-07ED4D7DDF00}.Release|Any CPU.Build.0 = Release|Any CPU
		{72913DC4-C75C-468E-A812-07ED4D7DDF00}.Release|x64.ActiveCfg = Release|Any CPU
		{72913DC4-C75C-468E-A812-07ED4D7DDF00}.Release|x64.Build.0 = Release|Any CPU
		{72913DC4-C75C-468E-A812-07ED4D7DDF00}.Release|x86.ActiveCfg = Release|Any CPU
		{72913DC4-C75C-468E-A812-07ED4D7DDF00}.Release|x86.Build.0 = Release|Any CPU
		{B4059D87-9F37-41E4-BCFB-C7DE43CAF49B}.Debug|Any CPU.ActiveCfg = Debug|Any CPU
		{B4059D87-9F37-41E4-BCFB-C7DE43CAF49B}.Debug|Any CPU.Build.0 = Debug|Any CPU
		{B4059D87-9F37-41E4-BCFB-C7DE43CAF49B}.Debug|x64.ActiveCfg = Debug|Any CPU
		{B4059D87-9F37-41E4-BCFB-C7DE43CAF49B}.Debug|x64.Build.0 = Debug|Any CPU
		{B4059D87-9F37-41E4-BCFB-C7DE43CAF49B}.Debug|x86.ActiveCfg = Debug|Any CPU
		{B4059D87-9F37-41E4-BCFB-C7DE43CAF49B}.Debug|x86.Build.0 = Debug|Any CPU
		{B4059D87-9F37-41E4-BCFB-C7DE43CAF49B}.Release|Any CPU.ActiveCfg = Release|Any CPU
		{B4059D87-9F37-41E4-BCFB-C7DE43CAF49B}.Release|Any CPU.Build.0 = Release|Any CPU
		{B4059D87-9F37-41E4-BCFB-C7DE43CAF49B}.Release|x64.ActiveCfg = Release|Any CPU
		{B4059D87-9F37-41E4-BCFB-C7DE43CAF49B}.Release|x64.Build.0 = Release|Any CPU
		{B4059D87-9F37-41E4-BCFB-C7DE43CAF49B}.Release|x86.ActiveCfg = Release|Any CPU
		{B4059D87-9F37-41E4-BCFB-C7DE43CAF49B}.Release|x86.Build.0 = Release|Any CPU
		{74D54554-959D-4BBB-85DA-DA3E336E4FCE}.Debug|Any CPU.ActiveCfg = Debug|Any CPU
		{74D54554-959D-4BBB-85DA-DA3E336E4FCE}.Debug|Any CPU.Build.0 = Debug|Any CPU
		{74D54554-959D-4BBB-85DA-DA3E336E4FCE}.Debug|x64.ActiveCfg = Debug|Any CPU
		{74D54554-959D-4BBB-85DA-DA3E336E4FCE}.Debug|x64.Build.0 = Debug|Any CPU
		{74D54554-959D-4BBB-85DA-DA3E336E4FCE}.Debug|x86.ActiveCfg = Debug|Any CPU
		{74D54554-959D-4BBB-85DA-DA3E336E4FCE}.Debug|x86.Build.0 = Debug|Any CPU
		{74D54554-959D-4BBB-85DA-DA3E336E4FCE}.Release|Any CPU.ActiveCfg = Release|Any CPU
		{74D54554-959D-4BBB-85DA-DA3E336E4FCE}.Release|Any CPU.Build.0 = Release|Any CPU
		{74D54554-959D-4BBB-85DA-DA3E336E4FCE}.Release|x64.ActiveCfg = Release|Any CPU
		{74D54554-959D-4BBB-85DA-DA3E336E4FCE}.Release|x64.Build.0 = Release|Any CPU
		{74D54554-959D-4BBB-85DA-DA3E336E4FCE}.Release|x86.ActiveCfg = Release|Any CPU
		{74D54554-959D-4BBB-85DA-DA3E336E4FCE}.Release|x86.Build.0 = Release|Any CPU
		{5B4137B0-7185-4F84-B41C-3A7E24260015}.Debug|Any CPU.ActiveCfg = Debug|Any CPU
		{5B4137B0-7185-4F84-B41C-3A7E24260015}.Debug|Any CPU.Build.0 = Debug|Any CPU
		{5B4137B0-7185-4F84-B41C-3A7E24260015}.Debug|x64.ActiveCfg = Debug|Any CPU
		{5B4137B0-7185-4F84-B41C-3A7E24260015}.Debug|x64.Build.0 = Debug|Any CPU
		{5B4137B0-7185-4F84-B41C-3A7E24260015}.Debug|x86.ActiveCfg = Debug|Any CPU
		{5B4137B0-7185-4F84-B41C-3A7E24260015}.Debug|x86.Build.0 = Debug|Any CPU
		{5B4137B0-7185-4F84-B41C-3A7E24260015}.Release|Any CPU.ActiveCfg = Release|Any CPU
		{5B4137B0-7185-4F84-B41C-3A7E24260015}.Release|Any CPU.Build.0 = Release|Any CPU
		{5B4137B0-7185-4F84-B41C-3A7E24260015}.Release|x64.ActiveCfg = Release|Any CPU
		{5B4137B0-7185-4F84-B41C-3A7E24260015}.Release|x64.Build.0 = Release|Any CPU
		{5B4137B0-7185-4F84-B41C-3A7E24260015}.Release|x86.ActiveCfg = Release|Any CPU
		{5B4137B0-7185-4F84-B41C-3A7E24260015}.Release|x86.Build.0 = Release|Any CPU
		{195EEF31-07DE-4060-BD01-2E59507B23B9}.Debug|Any CPU.ActiveCfg = Debug|Any CPU
		{195EEF31-07DE-4060-BD01-2E59507B23B9}.Debug|Any CPU.Build.0 = Debug|Any CPU
		{195EEF31-07DE-4060-BD01-2E59507B23B9}.Debug|x64.ActiveCfg = Debug|Any CPU
		{195EEF31-07DE-4060-BD01-2E59507B23B9}.Debug|x64.Build.0 = Debug|Any CPU
		{195EEF31-07DE-4060-BD01-2E59507B23B9}.Debug|x86.ActiveCfg = Debug|Any CPU
		{195EEF31-07DE-4060-BD01-2E59507B23B9}.Debug|x86.Build.0 = Debug|Any CPU
		{195EEF31-07DE-4060-BD01-2E59507B23B9}.Release|Any CPU.ActiveCfg = Release|Any CPU
		{195EEF31-07DE-4060-BD01-2E59507B23B9}.Release|Any CPU.Build.0 = Release|Any CPU
		{195EEF31-07DE-4060-BD01-2E59507B23B9}.Release|x64.ActiveCfg = Release|Any CPU
		{195EEF31-07DE-4060-BD01-2E59507B23B9}.Release|x64.Build.0 = Release|Any CPU
		{195EEF31-07DE-4060-BD01-2E59507B23B9}.Release|x86.ActiveCfg = Release|Any CPU
		{195EEF31-07DE-4060-BD01-2E59507B23B9}.Release|x86.Build.0 = Release|Any CPU
		{841B924B-CC67-44D2-A50F-BF6275D22683}.Debug|Any CPU.ActiveCfg = Debug|Any CPU
		{841B924B-CC67-44D2-A50F-BF6275D22683}.Debug|Any CPU.Build.0 = Debug|Any CPU
		{841B924B-CC67-44D2-A50F-BF6275D22683}.Debug|x64.ActiveCfg = Debug|Any CPU
		{841B924B-CC67-44D2-A50F-BF6275D22683}.Debug|x64.Build.0 = Debug|Any CPU
		{841B924B-CC67-44D2-A50F-BF6275D22683}.Debug|x86.ActiveCfg = Debug|Any CPU
		{841B924B-CC67-44D2-A50F-BF6275D22683}.Debug|x86.Build.0 = Debug|Any CPU
		{841B924B-CC67-44D2-A50F-BF6275D22683}.Release|Any CPU.ActiveCfg = Release|Any CPU
		{841B924B-CC67-44D2-A50F-BF6275D22683}.Release|Any CPU.Build.0 = Release|Any CPU
		{841B924B-CC67-44D2-A50F-BF6275D22683}.Release|x64.ActiveCfg = Release|Any CPU
		{841B924B-CC67-44D2-A50F-BF6275D22683}.Release|x64.Build.0 = Release|Any CPU
		{841B924B-CC67-44D2-A50F-BF6275D22683}.Release|x86.ActiveCfg = Release|Any CPU
		{841B924B-CC67-44D2-A50F-BF6275D22683}.Release|x86.Build.0 = Release|Any CPU
		{EADC006F-DC40-403D-9276-9FFED327A29B}.Debug|Any CPU.ActiveCfg = Debug|Win32
		{EADC006F-DC40-403D-9276-9FFED327A29B}.Debug|x64.ActiveCfg = Debug|x64
		{EADC006F-DC40-403D-9276-9FFED327A29B}.Debug|x64.Build.0 = Debug|x64
		{EADC006F-DC40-403D-9276-9FFED327A29B}.Debug|x86.ActiveCfg = Debug|Win32
		{EADC006F-DC40-403D-9276-9FFED327A29B}.Debug|x86.Build.0 = Debug|Win32
		{EADC006F-DC40-403D-9276-9FFED327A29B}.Release|Any CPU.ActiveCfg = Release|Win32
		{EADC006F-DC40-403D-9276-9FFED327A29B}.Release|x64.ActiveCfg = Release|x64
		{EADC006F-DC40-403D-9276-9FFED327A29B}.Release|x64.Build.0 = Release|x64
		{EADC006F-DC40-403D-9276-9FFED327A29B}.Release|x86.ActiveCfg = Release|Win32
		{EADC006F-DC40-403D-9276-9FFED327A29B}.Release|x86.Build.0 = Release|Win32
		{CF32E562-705A-4064-8778-8F3803F697FC}.Debug|Any CPU.ActiveCfg = Debug|Any CPU
		{CF32E562-705A-4064-8778-8F3803F697FC}.Debug|Any CPU.Build.0 = Debug|Any CPU
		{CF32E562-705A-4064-8778-8F3803F697FC}.Debug|x64.ActiveCfg = Debug|Any CPU
		{CF32E562-705A-4064-8778-8F3803F697FC}.Debug|x64.Build.0 = Debug|Any CPU
		{CF32E562-705A-4064-8778-8F3803F697FC}.Debug|x86.ActiveCfg = Debug|Any CPU
		{CF32E562-705A-4064-8778-8F3803F697FC}.Debug|x86.Build.0 = Debug|Any CPU
		{CF32E562-705A-4064-8778-8F3803F697FC}.Release|Any CPU.ActiveCfg = Release|Any CPU
		{CF32E562-705A-4064-8778-8F3803F697FC}.Release|Any CPU.Build.0 = Release|Any CPU
		{CF32E562-705A-4064-8778-8F3803F697FC}.Release|x64.ActiveCfg = Release|Any CPU
		{CF32E562-705A-4064-8778-8F3803F697FC}.Release|x64.Build.0 = Release|Any CPU
		{CF32E562-705A-4064-8778-8F3803F697FC}.Release|x86.ActiveCfg = Release|Any CPU
		{CF32E562-705A-4064-8778-8F3803F697FC}.Release|x86.Build.0 = Release|Any CPU
		{FA3A4695-7566-48C8-B8C0-9495982391E7}.Debug|Any CPU.ActiveCfg = Debug|Any CPU
		{FA3A4695-7566-48C8-B8C0-9495982391E7}.Debug|Any CPU.Build.0 = Debug|Any CPU
		{FA3A4695-7566-48C8-B8C0-9495982391E7}.Debug|x64.ActiveCfg = Debug|Any CPU
		{FA3A4695-7566-48C8-B8C0-9495982391E7}.Debug|x64.Build.0 = Debug|Any CPU
		{FA3A4695-7566-48C8-B8C0-9495982391E7}.Debug|x86.ActiveCfg = Debug|Any CPU
		{FA3A4695-7566-48C8-B8C0-9495982391E7}.Debug|x86.Build.0 = Debug|Any CPU
		{FA3A4695-7566-48C8-B8C0-9495982391E7}.Release|Any CPU.ActiveCfg = Release|Any CPU
		{FA3A4695-7566-48C8-B8C0-9495982391E7}.Release|Any CPU.Build.0 = Release|Any CPU
		{FA3A4695-7566-48C8-B8C0-9495982391E7}.Release|x64.ActiveCfg = Release|Any CPU
		{FA3A4695-7566-48C8-B8C0-9495982391E7}.Release|x64.Build.0 = Release|Any CPU
		{FA3A4695-7566-48C8-B8C0-9495982391E7}.Release|x86.ActiveCfg = Release|Any CPU
		{FA3A4695-7566-48C8-B8C0-9495982391E7}.Release|x86.Build.0 = Release|Any CPU
		{BD5146C4-CE56-4E72-B87A-760CED0D794B}.Debug|Any CPU.ActiveCfg = Debug|Any CPU
		{BD5146C4-CE56-4E72-B87A-760CED0D794B}.Debug|Any CPU.Build.0 = Debug|Any CPU
		{BD5146C4-CE56-4E72-B87A-760CED0D794B}.Debug|x64.ActiveCfg = Debug|Any CPU
		{BD5146C4-CE56-4E72-B87A-760CED0D794B}.Debug|x64.Build.0 = Debug|Any CPU
		{BD5146C4-CE56-4E72-B87A-760CED0D794B}.Debug|x86.ActiveCfg = Debug|Any CPU
		{BD5146C4-CE56-4E72-B87A-760CED0D794B}.Debug|x86.Build.0 = Debug|Any CPU
		{BD5146C4-CE56-4E72-B87A-760CED0D794B}.Release|Any CPU.ActiveCfg = Release|Any CPU
		{BD5146C4-CE56-4E72-B87A-760CED0D794B}.Release|Any CPU.Build.0 = Release|Any CPU
		{BD5146C4-CE56-4E72-B87A-760CED0D794B}.Release|x64.ActiveCfg = Release|Any CPU
		{BD5146C4-CE56-4E72-B87A-760CED0D794B}.Release|x64.Build.0 = Release|Any CPU
		{BD5146C4-CE56-4E72-B87A-760CED0D794B}.Release|x86.ActiveCfg = Release|Any CPU
		{BD5146C4-CE56-4E72-B87A-760CED0D794B}.Release|x86.Build.0 = Release|Any CPU
		{671EB976-D849-4364-ABFD-6CEC78B00AC4}.Debug|Any CPU.ActiveCfg = Debug|Any CPU
		{671EB976-D849-4364-ABFD-6CEC78B00AC4}.Debug|Any CPU.Build.0 = Debug|Any CPU
		{671EB976-D849-4364-ABFD-6CEC78B00AC4}.Debug|x64.ActiveCfg = Debug|Any CPU
		{671EB976-D849-4364-ABFD-6CEC78B00AC4}.Debug|x64.Build.0 = Debug|Any CPU
		{671EB976-D849-4364-ABFD-6CEC78B00AC4}.Debug|x86.ActiveCfg = Debug|Any CPU
		{671EB976-D849-4364-ABFD-6CEC78B00AC4}.Debug|x86.Build.0 = Debug|Any CPU
		{671EB976-D849-4364-ABFD-6CEC78B00AC4}.Release|Any CPU.ActiveCfg = Release|Any CPU
		{671EB976-D849-4364-ABFD-6CEC78B00AC4}.Release|Any CPU.Build.0 = Release|Any CPU
		{671EB976-D849-4364-ABFD-6CEC78B00AC4}.Release|x64.ActiveCfg = Release|Any CPU
		{671EB976-D849-4364-ABFD-6CEC78B00AC4}.Release|x64.Build.0 = Release|Any CPU
		{671EB976-D849-4364-ABFD-6CEC78B00AC4}.Release|x86.ActiveCfg = Release|Any CPU
		{671EB976-D849-4364-ABFD-6CEC78B00AC4}.Release|x86.Build.0 = Release|Any CPU
		{AC2531E8-85A6-4D37-8B51-28C407C5C101}.Debug|Any CPU.ActiveCfg = Debug|Win32
		{AC2531E8-85A6-4D37-8B51-28C407C5C101}.Debug|x64.ActiveCfg = Debug|x64
		{AC2531E8-85A6-4D37-8B51-28C407C5C101}.Debug|x64.Build.0 = Debug|x64
		{AC2531E8-85A6-4D37-8B51-28C407C5C101}.Debug|x86.ActiveCfg = Debug|Win32
		{AC2531E8-85A6-4D37-8B51-28C407C5C101}.Debug|x86.Build.0 = Debug|Win32
		{AC2531E8-85A6-4D37-8B51-28C407C5C101}.Release|Any CPU.ActiveCfg = Release|Win32
		{AC2531E8-85A6-4D37-8B51-28C407C5C101}.Release|x64.ActiveCfg = Release|x64
		{AC2531E8-85A6-4D37-8B51-28C407C5C101}.Release|x64.Build.0 = Release|x64
		{AC2531E8-85A6-4D37-8B51-28C407C5C101}.Release|x86.ActiveCfg = Release|Win32
		{AC2531E8-85A6-4D37-8B51-28C407C5C101}.Release|x86.Build.0 = Release|Win32
		{BAC91791-4CA9-4A54-9890-4A19EEDD7BD4}.Debug|Any CPU.ActiveCfg = Debug|Win32
		{BAC91791-4CA9-4A54-9890-4A19EEDD7BD4}.Debug|x64.ActiveCfg = Debug|x64
		{BAC91791-4CA9-4A54-9890-4A19EEDD7BD4}.Debug|x64.Build.0 = Debug|x64
		{BAC91791-4CA9-4A54-9890-4A19EEDD7BD4}.Debug|x86.ActiveCfg = Debug|Win32
		{BAC91791-4CA9-4A54-9890-4A19EEDD7BD4}.Debug|x86.Build.0 = Debug|Win32
		{BAC91791-4CA9-4A54-9890-4A19EEDD7BD4}.Release|Any CPU.ActiveCfg = Release|Win32
		{BAC91791-4CA9-4A54-9890-4A19EEDD7BD4}.Release|x64.ActiveCfg = Release|x64
		{BAC91791-4CA9-4A54-9890-4A19EEDD7BD4}.Release|x64.Build.0 = Release|x64
		{BAC91791-4CA9-4A54-9890-4A19EEDD7BD4}.Release|x86.ActiveCfg = Release|Win32
		{BAC91791-4CA9-4A54-9890-4A19EEDD7BD4}.Release|x86.Build.0 = Release|Win32
		{EDDC42FA-5C47-4756-B043-51F9DEFBCAC4}.Debug|Any CPU.ActiveCfg = Debug|Win32
		{EDDC42FA-5C47-4756-B043-51F9DEFBCAC4}.Debug|x64.ActiveCfg = Debug|x64
		{EDDC42FA-5C47-4756-B043-51F9DEFBCAC4}.Debug|x64.Build.0 = Debug|x64
		{EDDC42FA-5C47-4756-B043-51F9DEFBCAC4}.Debug|x86.ActiveCfg = Debug|Win32
		{EDDC42FA-5C47-4756-B043-51F9DEFBCAC4}.Debug|x86.Build.0 = Debug|Win32
		{EDDC42FA-5C47-4756-B043-51F9DEFBCAC4}.Release|Any CPU.ActiveCfg = Release|Win32
		{EDDC42FA-5C47-4756-B043-51F9DEFBCAC4}.Release|x64.ActiveCfg = Release|x64
		{EDDC42FA-5C47-4756-B043-51F9DEFBCAC4}.Release|x64.Build.0 = Release|x64
		{EDDC42FA-5C47-4756-B043-51F9DEFBCAC4}.Release|x86.ActiveCfg = Release|Win32
		{EDDC42FA-5C47-4756-B043-51F9DEFBCAC4}.Release|x86.Build.0 = Release|Win32
		{ABAAC087-2A93-4F21-868E-FC4EB13B2676}.Debug|Any CPU.ActiveCfg = Debug|Win32
		{ABAAC087-2A93-4F21-868E-FC4EB13B2676}.Debug|x64.ActiveCfg = Debug|x64
		{ABAAC087-2A93-4F21-868E-FC4EB13B2676}.Debug|x64.Build.0 = Debug|x64
		{ABAAC087-2A93-4F21-868E-FC4EB13B2676}.Debug|x86.ActiveCfg = Debug|Win32
		{ABAAC087-2A93-4F21-868E-FC4EB13B2676}.Debug|x86.Build.0 = Debug|Win32
		{ABAAC087-2A93-4F21-868E-FC4EB13B2676}.Release|Any CPU.ActiveCfg = Release|Win32
		{ABAAC087-2A93-4F21-868E-FC4EB13B2676}.Release|x64.ActiveCfg = Release|x64
		{ABAAC087-2A93-4F21-868E-FC4EB13B2676}.Release|x64.Build.0 = Release|x64
		{ABAAC087-2A93-4F21-868E-FC4EB13B2676}.Release|x86.ActiveCfg = Release|Win32
		{ABAAC087-2A93-4F21-868E-FC4EB13B2676}.Release|x86.Build.0 = Release|Win32
		{8AB0689E-A063-4492-8D6A-F4122CB70ED4}.Debug|Any CPU.ActiveCfg = Debug|Win32
		{8AB0689E-A063-4492-8D6A-F4122CB70ED4}.Debug|x64.ActiveCfg = Debug|x64
		{8AB0689E-A063-4492-8D6A-F4122CB70ED4}.Debug|x64.Build.0 = Debug|x64
		{8AB0689E-A063-4492-8D6A-F4122CB70ED4}.Debug|x86.ActiveCfg = Debug|Win32
		{8AB0689E-A063-4492-8D6A-F4122CB70ED4}.Debug|x86.Build.0 = Debug|Win32
		{8AB0689E-A063-4492-8D6A-F4122CB70ED4}.Release|Any CPU.ActiveCfg = Release|Win32
		{8AB0689E-A063-4492-8D6A-F4122CB70ED4}.Release|x64.ActiveCfg = Release|x64
		{8AB0689E-A063-4492-8D6A-F4122CB70ED4}.Release|x64.Build.0 = Release|x64
		{8AB0689E-A063-4492-8D6A-F4122CB70ED4}.Release|x86.ActiveCfg = Release|Win32
		{8AB0689E-A063-4492-8D6A-F4122CB70ED4}.Release|x86.Build.0 = Release|Win32
		{6BD55AFF-82FB-4619-8A42-D396A0001748}.Debug|Any CPU.ActiveCfg = Debug|Win32
		{6BD55AFF-82FB-4619-8A42-D396A0001748}.Debug|x64.ActiveCfg = Debug|x64
		{6BD55AFF-82FB-4619-8A42-D396A0001748}.Debug|x64.Build.0 = Debug|x64
		{6BD55AFF-82FB-4619-8A42-D396A0001748}.Debug|x86.ActiveCfg = Debug|Win32
		{6BD55AFF-82FB-4619-8A42-D396A0001748}.Debug|x86.Build.0 = Debug|Win32
		{6BD55AFF-82FB-4619-8A42-D396A0001748}.Release|Any CPU.ActiveCfg = Release|Win32
		{6BD55AFF-82FB-4619-8A42-D396A0001748}.Release|x64.ActiveCfg = Release|x64
		{6BD55AFF-82FB-4619-8A42-D396A0001748}.Release|x64.Build.0 = Release|x64
		{6BD55AFF-82FB-4619-8A42-D396A0001748}.Release|x86.ActiveCfg = Release|Win32
		{6BD55AFF-82FB-4619-8A42-D396A0001748}.Release|x86.Build.0 = Release|Win32
		{63D9A81C-775B-4814-A308-84CBB5E44609}.Debug|Any CPU.ActiveCfg = Debug|Any CPU
		{63D9A81C-775B-4814-A308-84CBB5E44609}.Debug|Any CPU.Build.0 = Debug|Any CPU
		{63D9A81C-775B-4814-A308-84CBB5E44609}.Debug|x64.ActiveCfg = Debug|Any CPU
		{63D9A81C-775B-4814-A308-84CBB5E44609}.Debug|x64.Build.0 = Debug|Any CPU
		{63D9A81C-775B-4814-A308-84CBB5E44609}.Debug|x86.ActiveCfg = Debug|Any CPU
		{63D9A81C-775B-4814-A308-84CBB5E44609}.Debug|x86.Build.0 = Debug|Any CPU
		{63D9A81C-775B-4814-A308-84CBB5E44609}.Release|Any CPU.ActiveCfg = Release|Any CPU
		{63D9A81C-775B-4814-A308-84CBB5E44609}.Release|Any CPU.Build.0 = Release|Any CPU
		{63D9A81C-775B-4814-A308-84CBB5E44609}.Release|x64.ActiveCfg = Release|Any CPU
		{63D9A81C-775B-4814-A308-84CBB5E44609}.Release|x64.Build.0 = Release|Any CPU
		{63D9A81C-775B-4814-A308-84CBB5E44609}.Release|x86.ActiveCfg = Release|Any CPU
		{63D9A81C-775B-4814-A308-84CBB5E44609}.Release|x86.Build.0 = Release|Any CPU
	EndGlobalSection
	GlobalSection(SolutionProperties) = preSolution
		HideSolutionNode = FALSE
	EndGlobalSection
	GlobalSection(ExtensibilityGlobals) = postSolution
		SolutionGuid = {DC5AEC7B-DB0D-4C05-92AE-4AFD5E4E024A}
	EndGlobalSection
EndGlobal
